
Microsoft Visual Studio Solution File, Format Version 12.00
# Visual Studio Version 16
VisualStudioVersion = 25.0.1706.9
MinimumVisualStudioVersion = 10.0.40219.1
Project("{FAE04EC0-301F-11D3-BF4B-00C04F79EFBC}") = "Mistvale", "Mistvale\Mistvale.csproj", "{5E218FDB-5A78-42C4-9C64-B832DC7D4CDA}"
EndProject
Global
	GlobalSection(SolutionConfigurationPlatforms) = preSolution
		Debug|Any CPU = Debug|Any CPU
		Release|Any CPU = Release|Any CPU
	EndGlobalSection
	GlobalSection(ProjectConfigurationPlatforms) = postSolution
		{5E218FDB-5A78-42C4-9C64-B832DC7D4CDA}.Debug|Any CPU.ActiveCfg = Debug|Any CPU
		{5E218FDB-5A78-42C4-9C64-B832DC7D4CDA}.Debug|Any CPU.Build.0 = Debug|Any CPU
		{5E218FDB-5A78-42C4-9C64-B832DC7D4CDA}.Release|Any CPU.ActiveCfg = Release|Any CPU
		{5E218FDB-5A78-42C4-9C64-B832DC7D4CDA}.Release|Any CPU.Build.0 = Release|Any CPU
	EndGlobalSection
	GlobalSection(SolutionProperties) = preSolution
		HideSolutionNode = FALSE
	EndGlobalSection
	GlobalSection(ExtensibilityGlobals) = postSolution
		SolutionGuid = {0E3819E0-97FD-42ED-8C4F-5DC9BECD5E33}
	EndGlobalSection
EndGlobal
